
Microsoft Visual Studio Solution File, Format Version 12.00
# Visual Studio Version 16
VisualStudioVersion = 16.0.29806.167
MinimumVisualStudioVersion = 10.0.40219.1
Project("{9A19103F-16F7-4668-BE54-9A1E7A4F7556}") = "Crystal.XamForms.Shared", "Crystal.XamForms.Shared\Crystal.XamForms.Shared.csproj", "{089119A6-1AA0-49A8-8372-8DC386B6D795}"
EndProject
Project("{9A19103F-16F7-4668-BE54-9A1E7A4F7556}") = "Crystal.EntityFrameworkCore", "Crystal.EntityFrameworkCore\Crystal.EntityFrameworkCore.csproj", "{063A9322-831E-4E10-A8F7-7A5E3D052496}"
EndProject
Project("{9A19103F-16F7-4668-BE54-9A1E7A4F7556}") = "Crystal.Shared", "Crystal.Shared\Crystal.Shared.csproj", "{1C861F18-1199-4516-BC78-CB4828C0EB6E}"
EndProject
Project("{2150E333-8FDC-42A3-9474-1A3956D46DE8}") = "Tests", "Tests", "{FBBCAE4E-EAB6-4043-AD8F-D955995E1CEB}"
EndProject
Project("{9A19103F-16F7-4668-BE54-9A1E7A4F7556}") = "Crystal.EntityFrameworkCore.Tests", "Crystal.EntityFrameworkCore.Tests\Crystal.EntityFrameworkCore.Tests.csproj", "{723C9269-C8E9-4FA2-9B34-4F92F44A0FC9}"
EndProject
Project("{2150E333-8FDC-42A3-9474-1A3956D46DE8}") = ".github", ".github", "{251E8D2D-C0C1-404A-AA55-5460DB01FB89}"
EndProject
Project("{2150E333-8FDC-42A3-9474-1A3956D46DE8}") = "workflows", "workflows", "{CECF33F6-EA60-4E83-A4B0-79C706146996}"
EndProject
Project("{2150E333-8FDC-42A3-9474-1A3956D46DE8}") = "Samples", "Samples", "{3A8078D0-5203-47C0-AFE9-83E930818ABC}"
EndProject
Project("{9A19103F-16F7-4668-BE54-9A1E7A4F7556}") = "Samples.EfCore.Web", "Samples.EfCore.Web\Samples.EfCore.Web.csproj", "{BE179090-9CF6-4B1B-9220-4079EB84C3C6}"
EndProject
Project("{9A19103F-16F7-4668-BE54-9A1E7A4F7556}") = "Crystal.Dapper", "Crystal.Dapper\Crystal.Dapper.csproj", "{57FAE61D-8398-45BB-B631-04C0F444551F}"
EndProject
Project("{FAE04EC0-301F-11D3-BF4B-00C04F79EFBC}") = "Crystal.Dapper.Tests", "Crystal.Dapper.Tests\Crystal.Dapper.Tests.csproj", "{CA1AA15E-6827-4174-BE0A-7E78F1554C60}"
EndProject
Global
	GlobalSection(SolutionConfigurationPlatforms) = preSolution
		Debug|Any CPU = Debug|Any CPU
		Release|Any CPU = Release|Any CPU
	EndGlobalSection
	GlobalSection(ProjectConfigurationPlatforms) = postSolution
		{089119A6-1AA0-49A8-8372-8DC386B6D795}.Debug|Any CPU.ActiveCfg = Debug|Any CPU
		{089119A6-1AA0-49A8-8372-8DC386B6D795}.Debug|Any CPU.Build.0 = Debug|Any CPU
		{089119A6-1AA0-49A8-8372-8DC386B6D795}.Release|Any CPU.ActiveCfg = Release|Any CPU
		{089119A6-1AA0-49A8-8372-8DC386B6D795}.Release|Any CPU.Build.0 = Release|Any CPU
		{063A9322-831E-4E10-A8F7-7A5E3D052496}.Debug|Any CPU.ActiveCfg = Debug|Any CPU
		{063A9322-831E-4E10-A8F7-7A5E3D052496}.Debug|Any CPU.Build.0 = Debug|Any CPU
		{063A9322-831E-4E10-A8F7-7A5E3D052496}.Release|Any CPU.ActiveCfg = Release|Any CPU
		{063A9322-831E-4E10-A8F7-7A5E3D052496}.Release|Any CPU.Build.0 = Release|Any CPU
		{1C861F18-1199-4516-BC78-CB4828C0EB6E}.Debug|Any CPU.ActiveCfg = Debug|Any CPU
		{1C861F18-1199-4516-BC78-CB4828C0EB6E}.Debug|Any CPU.Build.0 = Debug|Any CPU
		{1C861F18-1199-4516-BC78-CB4828C0EB6E}.Release|Any CPU.ActiveCfg = Release|Any CPU
		{1C861F18-1199-4516-BC78-CB4828C0EB6E}.Release|Any CPU.Build.0 = Release|Any CPU
		{723C9269-C8E9-4FA2-9B34-4F92F44A0FC9}.Debug|Any CPU.ActiveCfg = Debug|Any CPU
		{723C9269-C8E9-4FA2-9B34-4F92F44A0FC9}.Debug|Any CPU.Build.0 = Debug|Any CPU
		{723C9269-C8E9-4FA2-9B34-4F92F44A0FC9}.Release|Any CPU.ActiveCfg = Release|Any CPU
		{723C9269-C8E9-4FA2-9B34-4F92F44A0FC9}.Release|Any CPU.Build.0 = Release|Any CPU
		{BE179090-9CF6-4B1B-9220-4079EB84C3C6}.Debug|Any CPU.ActiveCfg = Debug|Any CPU
		{BE179090-9CF6-4B1B-9220-4079EB84C3C6}.Debug|Any CPU.Build.0 = Debug|Any CPU
		{BE179090-9CF6-4B1B-9220-4079EB84C3C6}.Release|Any CPU.ActiveCfg = Release|Any CPU
		{BE179090-9CF6-4B1B-9220-4079EB84C3C6}.Release|Any CPU.Build.0 = Release|Any CPU
		{57FAE61D-8398-45BB-B631-04C0F444551F}.Debug|Any CPU.ActiveCfg = Debug|Any CPU
		{57FAE61D-8398-45BB-B631-04C0F444551F}.Debug|Any CPU.Build.0 = Debug|Any CPU
		{57FAE61D-8398-45BB-B631-04C0F444551F}.Release|Any CPU.ActiveCfg = Release|Any CPU
		{57FAE61D-8398-45BB-B631-04C0F444551F}.Release|Any CPU.Build.0 = Release|Any CPU
		{CA1AA15E-6827-4174-BE0A-7E78F1554C60}.Debug|Any CPU.ActiveCfg = Debug|Any CPU
		{CA1AA15E-6827-4174-BE0A-7E78F1554C60}.Debug|Any CPU.Build.0 = Debug|Any CPU
		{CA1AA15E-6827-4174-BE0A-7E78F1554C60}.Release|Any CPU.ActiveCfg = Release|Any CPU
		{CA1AA15E-6827-4174-BE0A-7E78F1554C60}.Release|Any CPU.Build.0 = Release|Any CPU
	EndGlobalSection
	GlobalSection(SolutionProperties) = preSolution
		HideSolutionNode = FALSE
	EndGlobalSection
	GlobalSection(NestedProjects) = preSolution
		{723C9269-C8E9-4FA2-9B34-4F92F44A0FC9} = {FBBCAE4E-EAB6-4043-AD8F-D955995E1CEB}
		{CECF33F6-EA60-4E83-A4B0-79C706146996} = {251E8D2D-C0C1-404A-AA55-5460DB01FB89}
		{BE179090-9CF6-4B1B-9220-4079EB84C3C6} = {3A8078D0-5203-47C0-AFE9-83E930818ABC}
		{CA1AA15E-6827-4174-BE0A-7E78F1554C60} = {FBBCAE4E-EAB6-4043-AD8F-D955995E1CEB}
	EndGlobalSection
	GlobalSection(ExtensibilityGlobals) = postSolution
		SolutionGuid = {610FF09B-265B-4730-9213-0D0225D8D4F5}
	EndGlobalSection
EndGlobal
